
Microsoft Visual Studio Solution File, Format Version 12.00
# Visual Studio Version 16
VisualStudioVersion = 16.0.33027.164
MinimumVisualStudioVersion = 10.0.40219.1
Project("{888888A0-9F3D-457C-B088-3A5042F75D52}") = "pytest1", "pytest1\pytest1.pyproj", "{BCF117A0-1760-44D0-BF40-16E152718196}"
EndProject
Global
	GlobalSection(SolutionConfigurationPlatforms) = preSolution
		Debug|Any CPU = Debug|Any CPU
		Release|Any CPU = Release|Any CPU
	EndGlobalSection
	GlobalSection(ProjectConfigurationPlatforms) = postSolution
		{BCF117A0-1760-44D0-BF40-16E152718196}.Debug|Any CPU.ActiveCfg = Debug|Any CPU
		{BCF117A0-1760-44D0-BF40-16E152718196}.Release|Any CPU.ActiveCfg = Release|Any CPU
	EndGlobalSection
	GlobalSection(SolutionProperties) = preSolution
		HideSolutionNode = FALSE
	EndGlobalSection
	GlobalSection(ExtensibilityGlobals) = postSolution
		SolutionGuid = {36A426BD-2E7F-4C43-9214-7D866CB49F17}
	EndGlobalSection
EndGlobal
